
Microsoft Visual Studio Solution File, Format Version 12.00
# Visual Studio Version 17
VisualStudioVersion = 17.7.34202.233
MinimumVisualStudioVersion = 10.0.40219.1
Project("{FAE04EC0-301F-11D3-BF4B-00C04F79EFBC}") = "DepInjLab2", "DepInjLab2.csproj", "{884B91D1-81FC-4AAD-ABBD-82257740D8F5}"
EndProject
Global
	GlobalSection(SolutionConfigurationPlatforms) = preSolution
		Debug|Any CPU = Debug|Any CPU
		Release|Any CPU = Release|Any CPU
	EndGlobalSection
	GlobalSection(ProjectConfigurationPlatforms) = postSolution
		{884B91D1-81FC-4AAD-ABBD-82257740D8F5}.Debug|Any CPU.ActiveCfg = Debug|Any CPU
		{884B91D1-81FC-4AAD-ABBD-82257740D8F5}.Debug|Any CPU.Build.0 = Debug|Any CPU
		{884B91D1-81FC-4AAD-ABBD-82257740D8F5}.Release|Any CPU.ActiveCfg = Release|Any CPU
		{884B91D1-81FC-4AAD-ABBD-82257740D8F5}.Release|Any CPU.Build.0 = Release|Any CPU
	EndGlobalSection
	GlobalSection(SolutionProperties) = preSolution
		HideSolutionNode = FALSE
	EndGlobalSection
	GlobalSection(ExtensibilityGlobals) = postSolution
		SolutionGuid = {788E8C8C-4DC8-4D7C-A58E-A9FE4E5D33D5}
	EndGlobalSection
EndGlobal
